
Microsoft Visual Studio Solution File, Format Version 12.00
# Visual Studio Version 16
VisualStudioVersion = 16.0.29613.14
MinimumVisualStudioVersion = 10.0.40219.1
Project("{FAE04EC0-301F-11D3-BF4B-00C04F79EFBC}") = "ObjectMapper", "ObjectMapper\ObjectMapper.csproj", "{6213A84B-1A4A-47F3-8D36-32188275315C}"
EndProject
Project("{FAE04EC0-301F-11D3-BF4B-00C04F79EFBC}") = "ObjectMapper.Test", "ObjectMapper.Test\ObjectMapper.Test.csproj", "{2AF34E34-0282-4CA3-9AAC-A710936B7BCB}"
EndProject
Global
	GlobalSection(SolutionConfigurationPlatforms) = preSolution
		Debug|Any CPU = Debug|Any CPU
		Release|Any CPU = Release|Any CPU
	EndGlobalSection
	GlobalSection(ProjectConfigurationPlatforms) = postSolution
		{6213A84B-1A4A-47F3-8D36-32188275315C}.Debug|Any CPU.ActiveCfg = Debug|Any CPU
		{6213A84B-1A4A-47F3-8D36-32188275315C}.Debug|Any CPU.Build.0 = Debug|Any CPU
		{6213A84B-1A4A-47F3-8D36-32188275315C}.Release|Any CPU.ActiveCfg = Release|Any CPU
		{6213A84B-1A4A-47F3-8D36-32188275315C}.Release|Any CPU.Build.0 = Release|Any CPU
		{2AF34E34-0282-4CA3-9AAC-A710936B7BCB}.Debug|Any CPU.ActiveCfg = Debug|Any CPU
		{2AF34E34-0282-4CA3-9AAC-A710936B7BCB}.Debug|Any CPU.Build.0 = Debug|Any CPU
		{2AF34E34-0282-4CA3-9AAC-A710936B7BCB}.Release|Any CPU.ActiveCfg = Release|Any CPU
		{2AF34E34-0282-4CA3-9AAC-A710936B7BCB}.Release|Any CPU.Build.0 = Release|Any CPU
	EndGlobalSection
	GlobalSection(SolutionProperties) = preSolution
		HideSolutionNode = FALSE
	EndGlobalSection
	GlobalSection(ExtensibilityGlobals) = postSolution
		SolutionGuid = {A2A76654-8327-4C00-99FC-3BA47020DB55}
	EndGlobalSection
EndGlobal
